// !$*UTF8*$!
{
	archiveVersion = 1;
	classes = {
	};
	objectVersion = 55;
	objects = {

/* Begin PBXBuildFile section */
		5F02DD8728FF434B009A1D83 /* AppDelegate.swift in Sources */ = {isa = PBXBuildFile; fileRef = 5F02DD8628FF434B009A1D83 /* AppDelegate.swift */; };
		5F02DD9028FF434E009A1D83 /* Assets.xcassets in Resources */ = {isa = PBXBuildFile; fileRef = 5F02DD8F28FF434E009A1D83 /* Assets.xcassets */; };
		5F02DD9328FF434E009A1D83 /* LaunchScreen.storyboard in Resources */ = {isa = PBXBuildFile; fileRef = 5F02DD9128FF434E009A1D83 /* LaunchScreen.storyboard */; };
		5F02DD9B28FF43A2009A1D83 /* AuthViewController.swift in Sources */ = {isa = PBXBuildFile; fileRef = 5F02DD9A28FF43A2009A1D83 /* AuthViewController.swift */; };
		5F02DD9D28FF43BA009A1D83 /* SignUpViewController.swift in Sources */ = {isa = PBXBuildFile; fileRef = 5F02DD9C28FF43B9009A1D83 /* SignUpViewController.swift */; };
		5F02DD9F28FF43CB009A1D83 /* AlbumsViewController.swift in Sources */ = {isa = PBXBuildFile; fileRef = 5F02DD9E28FF43CB009A1D83 /* AlbumsViewController.swift */; };
		5F02DDA128FF43DC009A1D83 /* UserInfoViewController.swift in Sources */ = {isa = PBXBuildFile; fileRef = 5F02DDA028FF43DC009A1D83 /* UserInfoViewController.swift */; };
		5F02DDA328FF43F8009A1D83 /* DetailAlbumViewController.swift in Sources */ = {isa = PBXBuildFile; fileRef = 5F02DDA228FF43F8009A1D83 /* DetailAlbumViewController.swift */; };
		5F02DDA628FF442F009A1D83 /* AlbumsTableViewCell.swift in Sources */ = {isa = PBXBuildFile; fileRef = 5F02DDA528FF442F009A1D83 /* AlbumsTableViewCell.swift */; };
		5F02DDA828FF4446009A1D83 /* SongsCollectionViewCell.swift in Sources */ = {isa = PBXBuildFile; fileRef = 5F02DDA728FF4446009A1D83 /* SongsCollectionViewCell.swift */; };
		5F02DDAB28FF4528009A1D83 /* UIStackView.swift in Sources */ = {isa = PBXBuildFile; fileRef = 5F02DDAA28FF4528009A1D83 /* UIStackView.swift */; };
		5F02DDAD28FF46BE009A1D83 /* UIViewController.swift in Sources */ = {isa = PBXBuildFile; fileRef = 5F02DDAC28FF46BE009A1D83 /* UIViewController.swift */; };
		5F02DDB028FF491F009A1D83 /* String.swift in Sources */ = {isa = PBXBuildFile; fileRef = 5F02DDAF28FF491F009A1D83 /* String.swift */; };
		5F02DDB428FF4B5E009A1D83 /* UserDefaultsManager.swift in Sources */ = {isa = PBXBuildFile; fileRef = 5F02DDB328FF4B5E009A1D83 /* UserDefaultsManager.swift */; };
		5F02DDB628FF4BDA009A1D83 /* UserModule.swift in Sources */ = {isa = PBXBuildFile; fileRef = 5F02DDB528FF4BDA009A1D83 /* UserModule.swift */; };
		5F02DDB928FF4F96009A1D83 /* AlertOK.swift in Sources */ = {isa = PBXBuildFile; fileRef = 5F02DDB828FF4F96009A1D83 /* AlertOK.swift */; };
		5F02DDBC2900A8C2009A1D83 /* AlbumMododel.swift in Sources */ = {isa = PBXBuildFile; fileRef = 5F02DDBB2900A8C2009A1D83 /* AlbumMododel.swift */; };
		5F02DDBF2900AA96009A1D83 /* NetworkRequest.swift in Sources */ = {isa = PBXBuildFile; fileRef = 5F02DDBE2900AA96009A1D83 /* NetworkRequest.swift */; };
		5F02DDC12900ACED009A1D83 /* NetworkDataFetch.swift in Sources */ = {isa = PBXBuildFile; fileRef = 5F02DDC02900ACED009A1D83 /* NetworkDataFetch.swift */; };
		5F02DDC329014377009A1D83 /* SongsModule.swift in Sources */ = {isa = PBXBuildFile; fileRef = 5F02DDC229014377009A1D83 /* SongsModule.swift */; };
/* End PBXBuildFile section */

/* Begin PBXFileReference section */
		5F02DD8328FF434B009A1D83 /* Junior(LogIn).app */ = {isa = PBXFileReference; explicitFileType = wrapper.application; includeInIndex = 0; path = "Junior(LogIn).app"; sourceTree = BUILT_PRODUCTS_DIR; };
		5F02DD8628FF434B009A1D83 /* AppDelegate.swift */ = {isa = PBXFileReference; lastKnownFileType = sourcecode.swift; path = AppDelegate.swift; sourceTree = "<group>"; };
		5F02DD8F28FF434E009A1D83 /* Assets.xcassets */ = {isa = PBXFileReference; lastKnownFileType = folder.assetcatalog; path = Assets.xcassets; sourceTree = "<group>"; };
		5F02DD9228FF434E009A1D83 /* Base */ = {isa = PBXFileReference; lastKnownFileType = file.storyboard; name = Base; path = Base.lproj/LaunchScreen.storyboard; sourceTree = "<group>"; };
		5F02DD9428FF434E009A1D83 /* Info.plist */ = {isa = PBXFileReference; lastKnownFileType = text.plist.xml; path = Info.plist; sourceTree = "<group>"; };
		5F02DD9A28FF43A2009A1D83 /* AuthViewController.swift */ = {isa = PBXFileReference; lastKnownFileType = sourcecode.swift; path = AuthViewController.swift; sourceTree = "<group>"; };
		5F02DD9C28FF43B9009A1D83 /* SignUpViewController.swift */ = {isa = PBXFileReference; lastKnownFileType = sourcecode.swift; path = SignUpViewController.swift; sourceTree = "<group>"; };
		5F02DD9E28FF43CB009A1D83 /* AlbumsViewController.swift */ = {isa = PBXFileReference; lastKnownFileType = sourcecode.swift; path = AlbumsViewController.swift; sourceTree = "<group>"; };
		5F02DDA028FF43DC009A1D83 /* UserInfoViewController.swift */ = {isa = PBXFileReference; lastKnownFileType = sourcecode.swift; path = UserInfoViewController.swift; sourceTree = "<group>"; };
		5F02DDA228FF43F8009A1D83 /* DetailAlbumViewController.swift */ = {isa = PBXFileReference; lastKnownFileType = sourcecode.swift; path = DetailAlbumViewController.swift; sourceTree = "<group>"; };
		5F02DDA528FF442F009A1D83 /* AlbumsTableViewCell.swift */ = {isa = PBXFileReference; lastKnownFileType = sourcecode.swift; path = AlbumsTableViewCell.swift; sourceTree = "<group>"; };
		5F02DDA728FF4446009A1D83 /* SongsCollectionViewCell.swift */ = {isa = PBXFileReference; lastKnownFileType = sourcecode.swift; path = SongsCollectionViewCell.swift; sourceTree = "<group>"; };
		5F02DDAA28FF4528009A1D83 /* UIStackView.swift */ = {isa = PBXFileReference; lastKnownFileType = sourcecode.swift; path = UIStackView.swift; sourceTree = "<group>"; };
		5F02DDAC28FF46BE009A1D83 /* UIViewController.swift */ = {isa = PBXFileReference; lastKnownFileType = sourcecode.swift; path = UIViewController.swift; sourceTree = "<group>"; };
		5F02DDAF28FF491F009A1D83 /* String.swift */ = {isa = PBXFileReference; lastKnownFileType = sourcecode.swift; path = String.swift; sourceTree = "<group>"; };
		5F02DDB328FF4B5E009A1D83 /* UserDefaultsManager.swift */ = {isa = PBXFileReference; lastKnownFileType = sourcecode.swift; path = UserDefaultsManager.swift; sourceTree = "<group>"; };
		5F02DDB528FF4BDA009A1D83 /* UserModule.swift */ = {isa = PBXFileReference; lastKnownFileType = sourcecode.swift; path = UserModule.swift; sourceTree = "<group>"; };
		5F02DDB828FF4F96009A1D83 /* AlertOK.swift */ = {isa = PBXFileReference; lastKnownFileType = sourcecode.swift; path = AlertOK.swift; sourceTree = "<group>"; };
		5F02DDBB2900A8C2009A1D83 /* AlbumMododel.swift */ = {isa = PBXFileReference; lastKnownFileType = sourcecode.swift; path = AlbumMododel.swift; sourceTree = "<group>"; };
		5F02DDBE2900AA96009A1D83 /* NetworkRequest.swift */ = {isa = PBXFileReference; lastKnownFileType = sourcecode.swift; path = NetworkRequest.swift; sourceTree = "<group>"; };
		5F02DDC02900ACED009A1D83 /* NetworkDataFetch.swift */ = {isa = PBXFileReference; lastKnownFileType = sourcecode.swift; path = NetworkDataFetch.swift; sourceTree = "<group>"; };
		5F02DDC229014377009A1D83 /* SongsModule.swift */ = {isa = PBXFileReference; lastKnownFileType = sourcecode.swift; path = SongsModule.swift; sourceTree = "<group>"; };
/* End PBXFileReference section */

/* Begin PBXFrameworksBuildPhase section */
		5F02DD8028FF434B009A1D83 /* Frameworks */ = {
			isa = PBXFrameworksBuildPhase;
			buildActionMask = 2147483647;
			files = (
			);
			runOnlyForDeploymentPostprocessing = 0;
		};
/* End PBXFrameworksBuildPhase section */

/* Begin PBXGroup section */
		5F02DD7A28FF434B009A1D83 = {
			isa = PBXGroup;
			children = (
				5F02DD8528FF434B009A1D83 /* Junior(LogIn) */,
				5F02DD8428FF434B009A1D83 /* Products */,
			);
			sourceTree = "<group>";
		};
		5F02DD8428FF434B009A1D83 /* Products */ = {
			isa = PBXGroup;
			children = (
				5F02DD8328FF434B009A1D83 /* Junior(LogIn).app */,
			);
			name = Products;
			sourceTree = "<group>";
		};
		5F02DD8528FF434B009A1D83 /* Junior(LogIn) */ = {
			isa = PBXGroup;
			children = (
				5F02DD9428FF434E009A1D83 /* Info.plist */,
				5F02DDA428FF4401009A1D83 /* Controllers */,
				5F02DDBD2900AA33009A1D83 /* Network */,
				5F02DDAE28FF47CB009A1D83 /* Extensions */,
			);
			path = "Junior(LogIn)";
			sourceTree = "<group>";
		};
		5F02DDA428FF4401009A1D83 /* Controllers */ = {
			isa = PBXGroup;
			children = (
				5F02DD9A28FF43A2009A1D83 /* AuthViewController.swift */,
				5F02DD9C28FF43B9009A1D83 /* SignUpViewController.swift */,
				5F02DD9E28FF43CB009A1D83 /* AlbumsViewController.swift */,
				5F02DDA028FF43DC009A1D83 /* UserInfoViewController.swift */,
				5F02DDA228FF43F8009A1D83 /* DetailAlbumViewController.swift */,
				5F02DDA928FF444C009A1D83 /* Cells */,
				5F02DDB728FF4BE2009A1D83 /* Model */,
				5F02DDB228FF4B33009A1D83 /* Services */,
			);
			path = Controllers;
			sourceTree = "<group>";
		};
		5F02DDA928FF444C009A1D83 /* Cells */ = {
			isa = PBXGroup;
			children = (
				5F02DDA528FF442F009A1D83 /* AlbumsTableViewCell.swift */,
				5F02DDA728FF4446009A1D83 /* SongsCollectionViewCell.swift */,
			);
			path = Cells;
			sourceTree = "<group>";
		};
		5F02DDAE28FF47CB009A1D83 /* Extensions */ = {
			isa = PBXGroup;
			children = (
				5F02DDAA28FF4528009A1D83 /* UIStackView.swift */,
				5F02DDAC28FF46BE009A1D83 /* UIViewController.swift */,
				5F02DDAF28FF491F009A1D83 /* String.swift */,
				5F02DDBA28FF60B7009A1D83 /* SupporingFile */,
			);
			path = Extensions;
			sourceTree = "<group>";
		};
		5F02DDB228FF4B33009A1D83 /* Services */ = {
			isa = PBXGroup;
			children = (
				5F02DDB328FF4B5E009A1D83 /* UserDefaultsManager.swift */,
			);
			path = Services;
			sourceTree = "<group>";
		};
		5F02DDB728FF4BE2009A1D83 /* Model */ = {
			isa = PBXGroup;
			children = (
				5F02DDB528FF4BDA009A1D83 /* UserModule.swift */,
				5F02DDB828FF4F96009A1D83 /* AlertOK.swift */,
				5F02DDBB2900A8C2009A1D83 /* AlbumMododel.swift */,
				5F02DDC229014377009A1D83 /* SongsModule.swift */,
			);
			path = Model;
			sourceTree = "<group>";
		};
		5F02DDBA28FF60B7009A1D83 /* SupporingFile */ = {
			isa = PBXGroup;
			children = (
				5F02DD8628FF434B009A1D83 /* AppDelegate.swift */,
				5F02DD8F28FF434E009A1D83 /* Assets.xcassets */,
				5F02DD9128FF434E009A1D83 /* LaunchScreen.storyboard */,
			);
			path = SupporingFile;
			sourceTree = "<group>";
		};
		5F02DDBD2900AA33009A1D83 /* Network */ = {
			isa = PBXGroup;
			children = (
				5F02DDBE2900AA96009A1D83 /* NetworkRequest.swift */,
				5F02DDC02900ACED009A1D83 /* NetworkDataFetch.swift */,
			);
			path = Network;
			sourceTree = "<group>";
		};
/* End PBXGroup section */

/* Begin PBXNativeTarget section */
		5F02DD8228FF434B009A1D83 /* Junior(LogIn) */ = {
			isa = PBXNativeTarget;
			buildConfigurationList = 5F02DD9728FF434E009A1D83 /* Build configuration list for PBXNativeTarget "Junior(LogIn)" */;
			buildPhases = (
				5F02DD7F28FF434B009A1D83 /* Sources */,
				5F02DD8028FF434B009A1D83 /* Frameworks */,
				5F02DD8128FF434B009A1D83 /* Resources */,
			);
			buildRules = (
			);
			dependencies = (
			);
			name = "Junior(LogIn)";
			productName = "Junior(LogIn)";
			productReference = 5F02DD8328FF434B009A1D83 /* Junior(LogIn).app */;
			productType = "com.apple.product-type.application";
		};
/* End PBXNativeTarget section */

/* Begin PBXProject section */
		5F02DD7B28FF434B009A1D83 /* Project object */ = {
			isa = PBXProject;
			attributes = {
				BuildIndependentTargetsInParallel = 1;
				LastSwiftUpdateCheck = 1340;
				LastUpgradeCheck = 1340;
				TargetAttributes = {
					5F02DD8228FF434B009A1D83 = {
						CreatedOnToolsVersion = 13.4.1;
					};
				};
			};
			buildConfigurationList = 5F02DD7E28FF434B009A1D83 /* Build configuration list for PBXProject "Junior(LogIn)" */;
			compatibilityVersion = "Xcode 13.0";
			developmentRegion = en;
			hasScannedForEncodings = 0;
			knownRegions = (
				en,
				Base,
			);
			mainGroup = 5F02DD7A28FF434B009A1D83;
			productRefGroup = 5F02DD8428FF434B009A1D83 /* Products */;
			projectDirPath = "";
			projectRoot = "";
			targets = (
				5F02DD8228FF434B009A1D83 /* Junior(LogIn) */,
			);
		};
/* End PBXProject section */

/* Begin PBXResourcesBuildPhase section */
		5F02DD8128FF434B009A1D83 /* Resources */ = {
			isa = PBXResourcesBuildPhase;
			buildActionMask = 2147483647;
			files = (
				5F02DD9328FF434E009A1D83 /* LaunchScreen.storyboard in Resources */,
				5F02DD9028FF434E009A1D83 /* Assets.xcassets in Resources */,
			);
			runOnlyForDeploymentPostprocessing = 0;
		};
/* End PBXResourcesBuildPhase section */

/* Begin PBXSourcesBuildPhase section */
		5F02DD7F28FF434B009A1D83 /* Sources */ = {
			isa = PBXSourcesBuildPhase;
			buildActionMask = 2147483647;
			files = (
				5F02DDBC2900A8C2009A1D83 /* AlbumMododel.swift in Sources */,
				5F02DD9F28FF43CB009A1D83 /* AlbumsViewController.swift in Sources */,
				5F02DDBF2900AA96009A1D83 /* NetworkRequest.swift in Sources */,
				5F02DDB028FF491F009A1D83 /* String.swift in Sources */,
				5F02DDB428FF4B5E009A1D83 /* UserDefaultsManager.swift in Sources */,
				5F02DDAB28FF4528009A1D83 /* UIStackView.swift in Sources */,
				5F02DDB928FF4F96009A1D83 /* AlertOK.swift in Sources */,
				5F02DDA828FF4446009A1D83 /* SongsCollectionViewCell.swift in Sources */,
				5F02DDA328FF43F8009A1D83 /* DetailAlbumViewController.swift in Sources */,
				5F02DDAD28FF46BE009A1D83 /* UIViewController.swift in Sources */,
				5F02DD9D28FF43BA009A1D83 /* SignUpViewController.swift in Sources */,
				5F02DDA128FF43DC009A1D83 /* UserInfoViewController.swift in Sources */,
				5F02DD9B28FF43A2009A1D83 /* AuthViewController.swift in Sources */,
				5F02DDA628FF442F009A1D83 /* AlbumsTableViewCell.swift in Sources */,
				5F02DDC12900ACED009A1D83 /* NetworkDataFetch.swift in Sources */,
				5F02DDB628FF4BDA009A1D83 /* UserModule.swift in Sources */,
				5F02DDC329014377009A1D83 /* SongsModule.swift in Sources */,
				5F02DD8728FF434B009A1D83 /* AppDelegate.swift in Sources */,
			);
			runOnlyForDeploymentPostprocessing = 0;
		};
/* End PBXSourcesBuildPhase section */

/* Begin PBXVariantGroup section */
		5F02DD9128FF434E009A1D83 /* LaunchScreen.storyboard */ = {
			isa = PBXVariantGroup;
			children = (
				5F02DD9228FF434E009A1D83 /* Base */,
			);
			name = LaunchScreen.storyboard;
			sourceTree = "<group>";
		};
/* End PBXVariantGroup section */

/* Begin XCBuildConfiguration section */
		5F02DD9528FF434E009A1D83 /* Debug */ = {
			isa = XCBuildConfiguration;
			buildSettings = {
				ALWAYS_SEARCH_USER_PATHS = NO;
				CLANG_ANALYZER_NONNULL = YES;
				CLANG_ANALYZER_NUMBER_OBJECT_CONVERSION = YES_AGGRESSIVE;
				CLANG_CXX_LANGUAGE_STANDARD = "gnu++17";
				CLANG_ENABLE_MODULES = YES;
				CLANG_ENABLE_OBJC_ARC = YES;
				CLANG_ENABLE_OBJC_WEAK = YES;
				CLANG_WARN_BLOCK_CAPTURE_AUTORELEASING = YES;
				CLANG_WARN_BOOL_CONVERSION = YES;
				CLANG_WARN_COMMA = YES;
				CLANG_WARN_CONSTANT_CONVERSION = YES;
				CLANG_WARN_DEPRECATED_OBJC_IMPLEMENTATIONS = YES;
				CLANG_WARN_DIRECT_OBJC_ISA_USAGE = YES_ERROR;
				CLANG_WARN_DOCUMENTATION_COMMENTS = YES;
				CLANG_WARN_EMPTY_BODY = YES;
				CLANG_WARN_ENUM_CONVERSION = YES;
				CLANG_WARN_INFINITE_RECURSION = YES;
				CLANG_WARN_INT_CONVERSION = YES;
				CLANG_WARN_NON_LITERAL_NULL_CONVERSION = YES;
				CLANG_WARN_OBJC_IMPLICIT_RETAIN_SELF = YES;
				CLANG_WARN_OBJC_LITERAL_CONVERSION = YES;
				CLANG_WARN_OBJC_ROOT_CLASS = YES_ERROR;
				CLANG_WARN_QUOTED_INCLUDE_IN_FRAMEWORK_HEADER = YES;
				CLANG_WARN_RANGE_LOOP_ANALYSIS = YES;
				CLANG_WARN_STRICT_PROTOTYPES = YES;
				CLANG_WARN_SUSPICIOUS_MOVE = YES;
				CLANG_WARN_UNGUARDED_AVAILABILITY = YES_AGGRESSIVE;
				CLANG_WARN_UNREACHABLE_CODE = YES;
				CLANG_WARN__DUPLICATE_METHOD_MATCH = YES;
				COPY_PHASE_STRIP = NO;
				DEBUG_INFORMATION_FORMAT = dwarf;
				ENABLE_STRICT_OBJC_MSGSEND = YES;
				ENABLE_TESTABILITY = YES;
				GCC_C_LANGUAGE_STANDARD = gnu11;
				GCC_DYNAMIC_NO_PIC = NO;
				GCC_NO_COMMON_BLOCKS = YES;
				GCC_OPTIMIZATION_LEVEL = 0;
				GCC_PREPROCESSOR_DEFINITIONS = (
					"DEBUG=1",
					"$(inherited)",
				);
				GCC_WARN_64_TO_32_BIT_CONVERSION = YES;
				GCC_WARN_ABOUT_RETURN_TYPE = YES_ERROR;
				GCC_WARN_UNDECLARED_SELECTOR = YES;
				GCC_WARN_UNINITIALIZED_AUTOS = YES_AGGRESSIVE;
				GCC_WARN_UNUSED_FUNCTION = YES;
				GCC_WARN_UNUSED_VARIABLE = YES;
				IPHONEOS_DEPLOYMENT_TARGET = 15.5;
				MTL_ENABLE_DEBUG_INFO = INCLUDE_SOURCE;
				MTL_FAST_MATH = YES;
				ONLY_ACTIVE_ARCH = YES;
				SDKROOT = iphoneos;
				SWIFT_ACTIVE_COMPILATION_CONDITIONS = DEBUG;
				SWIFT_OPTIMIZATION_LEVEL = "-Onone";
			};
			name = Debug;
		};
		5F02DD9628FF434E009A1D83 /* Release */ = {
			isa = XCBuildConfiguration;
			buildSettings = {
				ALWAYS_SEARCH_USER_PATHS = NO;
				CLANG_ANALYZER_NONNULL = YES;
				CLANG_ANALYZER_NUMBER_OBJECT_CONVERSION = YES_AGGRESSIVE;
				CLANG_CXX_LANGUAGE_STANDARD = "gnu++17";
				CLANG_ENABLE_MODULES = YES;
				CLANG_ENABLE_OBJC_ARC = YES;
				CLANG_ENABLE_OBJC_WEAK = YES;
				CLANG_WARN_BLOCK_CAPTURE_AUTORELEASING = YES;
				CLANG_WARN_BOOL_CONVERSION = YES;
				CLANG_WARN_COMMA = YES;
				CLANG_WARN_CONSTANT_CONVERSION = YES;
				CLANG_WARN_DEPRECATED_OBJC_IMPLEMENTATIONS = YES;
				CLANG_WARN_DIRECT_OBJC_ISA_USAGE = YES_ERROR;
				CLANG_WARN_DOCUMENTATION_COMMENTS = YES;
				CLANG_WARN_EMPTY_BODY = YES;
				CLANG_WARN_ENUM_CONVERSION = YES;
				CLANG_WARN_INFINITE_RECURSION = YES;
				CLANG_WARN_INT_CONVERSION = YES;
				CLANG_WARN_NON_LITERAL_NULL_CONVERSION = YES;
				CLANG_WARN_OBJC_IMPLICIT_RETAIN_SELF = YES;
				CLANG_WARN_OBJC_LITERAL_CONVERSION = YES;
				CLANG_WARN_OBJC_ROOT_CLASS = YES_ERROR;
				CLANG_WARN_QUOTED_INCLUDE_IN_FRAMEWORK_HEADER = YES;
				CLANG_WARN_RANGE_LOOP_ANALYSIS = YES;
				CLANG_WARN_STRICT_PROTOTYPES = YES;
				CLANG_WARN_SUSPICIOUS_MOVE = YES;
				CLANG_WARN_UNGUARDED_AVAILABILITY = YES_AGGRESSIVE;
				CLANG_WARN_UNREACHABLE_CODE = YES;
				CLANG_WARN__DUPLICATE_METHOD_MATCH = YES;
				COPY_PHASE_STRIP = NO;
				DEBUG_INFORMATION_FORMAT = "dwarf-with-dsym";
				ENABLE_NS_ASSERTIONS = NO;
				ENABLE_STRICT_OBJC_MSGSEND = YES;
				GCC_C_LANGUAGE_STANDARD = gnu11;
				GCC_NO_COMMON_BLOCKS = YES;
				GCC_WARN_64_TO_32_BIT_CONVERSION = YES;
				GCC_WARN_ABOUT_RETURN_TYPE = YES_ERROR;
				GCC_WARN_UNDECLARED_SELECTOR = YES;
				GCC_WARN_UNINITIALIZED_AUTOS = YES_AGGRESSIVE;
				GCC_WARN_UNUSED_FUNCTION = YES;
				GCC_WARN_UNUSED_VARIABLE = YES;
				IPHONEOS_DEPLOYMENT_TARGET = 15.5;
				MTL_ENABLE_DEBUG_INFO = NO;
				MTL_FAST_MATH = YES;
				SDKROOT = iphoneos;
				SWIFT_COMPILATION_MODE = wholemodule;
				SWIFT_OPTIMIZATION_LEVEL = "-O";
				VALIDATE_PRODUCT = YES;
			};
			name = Release;
		};
		5F02DD9828FF434E009A1D83 /* Debug */ = {
			isa = XCBuildConfiguration;
			buildSettings = {
				ASSETCATALOG_COMPILER_APPICON_NAME = AppIcon;
				ASSETCATALOG_COMPILER_GLOBAL_ACCENT_COLOR_NAME = AccentColor;
				CODE_SIGN_STYLE = Automatic;
				CURRENT_PROJECT_VERSION = 1;
				GENERATE_INFOPLIST_FILE = YES;
				INFOPLIST_FILE = "Junior(LogIn)/Info.plist";
				INFOPLIST_KEY_UIApplicationSupportsIndirectInputEvents = YES;
				INFOPLIST_KEY_UILaunchStoryboardName = LaunchScreen;
				INFOPLIST_KEY_UISupportedInterfaceOrientations_iPad = "UIInterfaceOrientationPortrait UIInterfaceOrientationPortraitUpsideDown UIInterfaceOrientationLandscapeLeft UIInterfaceOrientationLandscapeRight";
				INFOPLIST_KEY_UISupportedInterfaceOrientations_iPhone = "UIInterfaceOrientationPortrait UIInterfaceOrientationLandscapeLeft UIInterfaceOrientationLandscapeRight";
				LD_RUNPATH_SEARCH_PATHS = (
					"$(inherited)",
					"@executable_path/Frameworks",
				);
				MARKETING_VERSION = 1.0;
				PRODUCT_BUNDLE_IDENTIFIER = "DPS.Junior-LogIn-";
				PRODUCT_NAME = "$(TARGET_NAME)";
				SWIFT_EMIT_LOC_STRINGS = YES;
				SWIFT_VERSION = 5.0;
				TARGETED_DEVICE_FAMILY = "1,2";
			};
			name = Debug;
		};
		5F02DD9928FF434E009A1D83 /* Release */ = {
			isa = XCBuildConfiguration;
			buildSettings = {
				ASSETCATALOG_COMPILER_APPICON_NAME = AppIcon;
				ASSETCATALOG_COMPILER_GLOBAL_ACCENT_COLOR_NAME = AccentColor;
				CODE_SIGN_STYLE = Automatic;
				CURRENT_PROJECT_VERSION = 1;
				GENERATE_INFOPLIST_FILE = YES;
				INFOPLIST_FILE = "Junior(LogIn)/Info.plist";
				INFOPLIST_KEY_UIApplicationSupportsIndirectInputEvents = YES;
				INFOPLIST_KEY_UILaunchStoryboardName = LaunchScreen;
				INFOPLIST_KEY_UISupportedInterfaceOrientations_iPad = "UIInterfaceOrientationPortrait UIInterfaceOrientationPortraitUpsideDown UIInterfaceOrientationLandscapeLeft UIInterfaceOrientationLandscapeRight";
				INFOPLIST_KEY_UISupportedInterfaceOrientations_iPhone = "UIInterfaceOrientationPortrait UIInterfaceOrientationLandscapeLeft UIInterfaceOrientationLandscapeRight";
				LD_RUNPATH_SEARCH_PATHS = (
					"$(inherited)",
					"@executable_path/Frameworks",
				);
				MARKETING_VERSION = 1.0;
				PRODUCT_BUNDLE_IDENTIFIER = "DPS.Junior-LogIn-";
				PRODUCT_NAME = "$(TARGET_NAME)";
				SWIFT_EMIT_LOC_STRINGS = YES;
				SWIFT_VERSION = 5.0;
				TARGETED_DEVICE_FAMILY = "1,2";
			};
			name = Release;
		};
/* End XCBuildConfiguration section */

/* Begin XCConfigurationList section */
		5F02DD7E28FF434B009A1D83 /* Build configuration list for PBXProject "Junior(LogIn)" */ = {
			isa = XCConfigurationList;
			buildConfigurations = (
				5F02DD9528FF434E009A1D83 /* Debug */,
				5F02DD9628FF434E009A1D83 /* Release */,
			);
			defaultConfigurationIsVisible = 0;
			defaultConfigurationName = Release;
		};
		5F02DD9728FF434E009A1D83 /* Build configuration list for PBXNativeTarget "Junior(LogIn)" */ = {
			isa = XCConfigurationList;
			buildConfigurations = (
				5F02DD9828FF434E009A1D83 /* Debug */,
				5F02DD9928FF434E009A1D83 /* Release */,
			);
			defaultConfigurationIsVisible = 0;
			defaultConfigurationName = Release;
		};
/* End XCConfigurationList section */
	};
	rootObject = 5F02DD7B28FF434B009A1D83 /* Project object */;
}
